
Microsoft Visual Studio Solution File, Format Version 12.00
# Visual Studio 15
VisualStudioVersion = 15.0.27703.2047
MinimumVisualStudioVersion = 10.0.40219.1
Project("{FAE04EC0-301F-11D3-BF4B-00C04F79EFBC}") = "AngrierSix", "AngrierSix\AngrierSix.csproj", "{427FFECC-C891-48A9-B0BE-FF8804DA49A0}"
EndProject
Global
	GlobalSection(SolutionConfigurationPlatforms) = preSolution
		Debug|Any CPU = Debug|Any CPU
		Release|Any CPU = Release|Any CPU
	EndGlobalSection
	GlobalSection(ProjectConfigurationPlatforms) = postSolution
		{427FFECC-C891-48A9-B0BE-FF8804DA49A0}.Debug|Any CPU.ActiveCfg = Debug|Any CPU
		{427FFECC-C891-48A9-B0BE-FF8804DA49A0}.Debug|Any CPU.Build.0 = Debug|Any CPU
		{427FFECC-C891-48A9-B0BE-FF8804DA49A0}.Release|Any CPU.ActiveCfg = Release|Any CPU
		{427FFECC-C891-48A9-B0BE-FF8804DA49A0}.Release|Any CPU.Build.0 = Release|Any CPU
	EndGlobalSection
	GlobalSection(SolutionProperties) = preSolution
		HideSolutionNode = FALSE
	EndGlobalSection
	GlobalSection(ExtensibilityGlobals) = postSolution
		SolutionGuid = {581C65F0-6761-4C92-8A45-AB074D654E4C}
	EndGlobalSection
EndGlobal
